// !$*UTF8*$!
{
	archiveVersion = 1;
	classes = {
	};
	objectVersion = 46;
	objects = {

/* Begin PBXBuildFile section */
		492916B4197A937C002AB7F8 /* Foundation.framework in Frameworks */ = {isa = PBXBuildFile; fileRef = 492916B3197A937C002AB7F8 /* Foundation.framework */; };
		492916B6197A937C002AB7F8 /* CoreGraphics.framework in Frameworks */ = {isa = PBXBuildFile; fileRef = 492916B5197A937C002AB7F8 /* CoreGraphics.framework */; };
		492916B8197A937C002AB7F8 /* UIKit.framework in Frameworks */ = {isa = PBXBuildFile; fileRef = 492916B7197A937C002AB7F8 /* UIKit.framework */; };
		492916BA197A937C002AB7F8 /* CoreData.framework in Frameworks */ = {isa = PBXBuildFile; fileRef = 492916B9197A937C002AB7F8 /* CoreData.framework */; };
		492916C0197A937C002AB7F8 /* InfoPlist.strings in Resources */ = {isa = PBXBuildFile; fileRef = 492916BE197A937C002AB7F8 /* InfoPlist.strings */; };
		492916C2197A937C002AB7F8 /* main.m in Sources */ = {isa = PBXBuildFile; fileRef = 492916C1197A937C002AB7F8 /* main.m */; };
		492916C6197A937C002AB7F8 /* CMDAppDelegate.m in Sources */ = {isa = PBXBuildFile; fileRef = 492916C5197A937C002AB7F8 /* CMDAppDelegate.m */; };
		492916C9197A937C002AB7F8 /* Comad.xcdatamodeld in Sources */ = {isa = PBXBuildFile; fileRef = 492916C7197A937C002AB7F8 /* Comad.xcdatamodeld */; };
		492916CB197A937C002AB7F8 /* Images.xcassets in Resources */ = {isa = PBXBuildFile; fileRef = 492916CA197A937C002AB7F8 /* Images.xcassets */; };
		492916D2197A937C002AB7F8 /* XCTest.framework in Frameworks */ = {isa = PBXBuildFile; fileRef = 492916D1197A937C002AB7F8 /* XCTest.framework */; };
		492916D3197A937C002AB7F8 /* Foundation.framework in Frameworks */ = {isa = PBXBuildFile; fileRef = 492916B3197A937C002AB7F8 /* Foundation.framework */; };
		492916D4197A937C002AB7F8 /* UIKit.framework in Frameworks */ = {isa = PBXBuildFile; fileRef = 492916B7197A937C002AB7F8 /* UIKit.framework */; };
		492916D5197A937C002AB7F8 /* CoreData.framework in Frameworks */ = {isa = PBXBuildFile; fileRef = 492916B9197A937C002AB7F8 /* CoreData.framework */; };
		492916DD197A937C002AB7F8 /* InfoPlist.strings in Resources */ = {isa = PBXBuildFile; fileRef = 492916DB197A937C002AB7F8 /* InfoPlist.strings */; };
		492916DF197A937C002AB7F8 /* ComadTests.m in Sources */ = {isa = PBXBuildFile; fileRef = 492916DE197A937C002AB7F8 /* ComadTests.m */; };
		492916E9197A93CC002AB7F8 /* MainStoryboard.storyboard in Resources */ = {isa = PBXBuildFile; fileRef = 492916E8197A93CC002AB7F8 /* MainStoryboard.storyboard */; };
		492916F5197AD760002AB7F8 /* CMDConstants.m in Sources */ = {isa = PBXBuildFile; fileRef = 492916F4197AD760002AB7F8 /* CMDConstants.m */; };
		492916F8197AD949002AB7F8 /* CMDHomeController.m in Sources */ = {isa = PBXBuildFile; fileRef = 492916F7197AD949002AB7F8 /* CMDHomeController.m */; };
		492916FE197BBB37002AB7F8 /* CMDProductionPageViewController.m in Sources */ = {isa = PBXBuildFile; fileRef = 492916FD197BBB37002AB7F8 /* CMDProductionPageViewController.m */; };
		49291701197BBB52002AB7F8 /* CMDSideMenuView.m in Sources */ = {isa = PBXBuildFile; fileRef = 49291700197BBB52002AB7F8 /* CMDSideMenuView.m */; };
		49291705197BC1DD002AB7F8 /* CMDProductionDescriptionView.m in Sources */ = {isa = PBXBuildFile; fileRef = 49291704197BC1DD002AB7F8 /* CMDProductionDescriptionView.m */; };
		4929170A197BC583002AB7F8 /* CMDRelatedProductionView.m in Sources */ = {isa = PBXBuildFile; fileRef = 49291709197BC583002AB7F8 /* CMDRelatedProductionView.m */; };
		49291710197BD483002AB7F8 /* CMDProductionCommentView.m in Sources */ = {isa = PBXBuildFile; fileRef = 4929170F197BD483002AB7F8 /* CMDProductionCommentView.m */; };
		49291713197BFD3E002AB7F8 /* CMDWantProductionPeopleView.m in Sources */ = {isa = PBXBuildFile; fileRef = 49291712197BFD3E002AB7F8 /* CMDWantProductionPeopleView.m */; };
/* End PBXBuildFile section */

/* Begin PBXContainerItemProxy section */
		492916D6197A937C002AB7F8 /* PBXContainerItemProxy */ = {
			isa = PBXContainerItemProxy;
			containerPortal = 492916A8197A937C002AB7F8 /* Project object */;
			proxyType = 1;
			remoteGlobalIDString = 492916AF197A937C002AB7F8;
			remoteInfo = Comad;
		};
/* End PBXContainerItemProxy section */

/* Begin PBXFileReference section */
		492916B0197A937C002AB7F8 /* Comad.app */ = {isa = PBXFileReference; explicitFileType = wrapper.application; includeInIndex = 0; path = Comad.app; sourceTree = BUILT_PRODUCTS_DIR; };
		492916B3197A937C002AB7F8 /* Foundation.framework */ = {isa = PBXFileReference; lastKnownFileType = wrapper.framework; name = Foundation.framework; path = System/Library/Frameworks/Foundation.framework; sourceTree = SDKROOT; };
		492916B5197A937C002AB7F8 /* CoreGraphics.framework */ = {isa = PBXFileReference; lastKnownFileType = wrapper.framework; name = CoreGraphics.framework; path = System/Library/Frameworks/CoreGraphics.framework; sourceTree = SDKROOT; };
		492916B7197A937C002AB7F8 /* UIKit.framework */ = {isa = PBXFileReference; lastKnownFileType = wrapper.framework; name = UIKit.framework; path = System/Library/Frameworks/UIKit.framework; sourceTree = SDKROOT; };
		492916B9197A937C002AB7F8 /* CoreData.framework */ = {isa = PBXFileReference; lastKnownFileType = wrapper.framework; name = CoreData.framework; path = System/Library/Frameworks/CoreData.framework; sourceTree = SDKROOT; };
		492916BD197A937C002AB7F8 /* Comad-Info.plist */ = {isa = PBXFileReference; lastKnownFileType = text.plist.xml; path = "Comad-Info.plist"; sourceTree = "<group>"; };
		492916BF197A937C002AB7F8 /* en */ = {isa = PBXFileReference; lastKnownFileType = text.plist.strings; name = en; path = en.lproj/InfoPlist.strings; sourceTree = "<group>"; };
		492916C1197A937C002AB7F8 /* main.m */ = {isa = PBXFileReference; lastKnownFileType = sourcecode.c.objc; path = main.m; sourceTree = "<group>"; };
		492916C3197A937C002AB7F8 /* Comad-Prefix.pch */ = {isa = PBXFileReference; lastKnownFileType = sourcecode.c.h; path = "Comad-Prefix.pch"; sourceTree = "<group>"; };
		492916C4197A937C002AB7F8 /* CMDAppDelegate.h */ = {isa = PBXFileReference; lastKnownFileType = sourcecode.c.h; path = CMDAppDelegate.h; sourceTree = "<group>"; };
		492916C5197A937C002AB7F8 /* CMDAppDelegate.m */ = {isa = PBXFileReference; lastKnownFileType = sourcecode.c.objc; path = CMDAppDelegate.m; sourceTree = "<group>"; };
		492916C8197A937C002AB7F8 /* Comad.xcdatamodel */ = {isa = PBXFileReference; lastKnownFileType = wrapper.xcdatamodel; path = Comad.xcdatamodel; sourceTree = "<group>"; };
		492916CA197A937C002AB7F8 /* Images.xcassets */ = {isa = PBXFileReference; lastKnownFileType = folder.assetcatalog; path = Images.xcassets; sourceTree = "<group>"; };
		492916D0197A937C002AB7F8 /* ComadTests.xctest */ = {isa = PBXFileReference; explicitFileType = wrapper.cfbundle; includeInIndex = 0; path = ComadTests.xctest; sourceTree = BUILT_PRODUCTS_DIR; };
		492916D1197A937C002AB7F8 /* XCTest.framework */ = {isa = PBXFileReference; lastKnownFileType = wrapper.framework; name = XCTest.framework; path = Library/Frameworks/XCTest.framework; sourceTree = DEVELOPER_DIR; };
		492916DA197A937C002AB7F8 /* ComadTests-Info.plist */ = {isa = PBXFileReference; lastKnownFileType = text.plist.xml; path = "ComadTests-Info.plist"; sourceTree = "<group>"; };
		492916DC197A937C002AB7F8 /* en */ = {isa = PBXFileReference; lastKnownFileType = text.plist.strings; name = en; path = en.lproj/InfoPlist.strings; sourceTree = "<group>"; };
		492916DE197A937C002AB7F8 /* ComadTests.m */ = {isa = PBXFileReference; lastKnownFileType = sourcecode.c.objc; path = ComadTests.m; sourceTree = "<group>"; };
		492916E8197A93CC002AB7F8 /* MainStoryboard.storyboard */ = {isa = PBXFileReference; fileEncoding = 4; lastKnownFileType = file.storyboard; path = MainStoryboard.storyboard; sourceTree = "<group>"; };
		492916F4197AD760002AB7F8 /* CMDConstants.m */ = {isa = PBXFileReference; fileEncoding = 4; lastKnownFileType = sourcecode.c.objc; path = CMDConstants.m; sourceTree = "<group>"; };
		492916F6197AD949002AB7F8 /* CMDHomeController.h */ = {isa = PBXFileReference; fileEncoding = 4; lastKnownFileType = sourcecode.c.h; path = CMDHomeController.h; sourceTree = "<group>"; };
		492916F7197AD949002AB7F8 /* CMDHomeController.m */ = {isa = PBXFileReference; fileEncoding = 4; lastKnownFileType = sourcecode.c.objc; path = CMDHomeController.m; sourceTree = "<group>"; };
		492916FC197BBB37002AB7F8 /* CMDProductionPageViewController.h */ = {isa = PBXFileReference; fileEncoding = 4; lastKnownFileType = sourcecode.c.h; path = CMDProductionPageViewController.h; sourceTree = "<group>"; };
		492916FD197BBB37002AB7F8 /* CMDProductionPageViewController.m */ = {isa = PBXFileReference; fileEncoding = 4; lastKnownFileType = sourcecode.c.objc; path = CMDProductionPageViewController.m; sourceTree = "<group>"; };
		492916FF197BBB52002AB7F8 /* CMDSideMenuView.h */ = {isa = PBXFileReference; fileEncoding = 4; lastKnownFileType = sourcecode.c.h; path = CMDSideMenuView.h; sourceTree = "<group>"; };
		49291700197BBB52002AB7F8 /* CMDSideMenuView.m */ = {isa = PBXFileReference; fileEncoding = 4; lastKnownFileType = sourcecode.c.objc; path = CMDSideMenuView.m; sourceTree = "<group>"; };
		49291703197BC1DD002AB7F8 /* CMDProductionDescriptionView.h */ = {isa = PBXFileReference; fileEncoding = 4; lastKnownFileType = sourcecode.c.h; path = CMDProductionDescriptionView.h; sourceTree = "<group>"; };
		49291704197BC1DD002AB7F8 /* CMDProductionDescriptionView.m */ = {isa = PBXFileReference; fileEncoding = 4; lastKnownFileType = sourcecode.c.objc; path = CMDProductionDescriptionView.m; sourceTree = "<group>"; };
		49291708197BC583002AB7F8 /* CMDRelatedProductionView.h */ = {isa = PBXFileReference; fileEncoding = 4; lastKnownFileType = sourcecode.c.h; path = CMDRelatedProductionView.h; sourceTree = "<group>"; };
		49291709197BC583002AB7F8 /* CMDRelatedProductionView.m */ = {isa = PBXFileReference; fileEncoding = 4; lastKnownFileType = sourcecode.c.objc; path = CMDRelatedProductionView.m; sourceTree = "<group>"; };
		4929170E197BD483002AB7F8 /* CMDProductionCommentView.h */ = {isa = PBXFileReference; fileEncoding = 4; lastKnownFileType = sourcecode.c.h; path = CMDProductionCommentView.h; sourceTree = "<group>"; };
		4929170F197BD483002AB7F8 /* CMDProductionCommentView.m */ = {isa = PBXFileReference; fileEncoding = 4; lastKnownFileType = sourcecode.c.objc; path = CMDProductionCommentView.m; sourceTree = "<group>"; };
		49291711197BFD3E002AB7F8 /* CMDWantProductionPeopleView.h */ = {isa = PBXFileReference; fileEncoding = 4; lastKnownFileType = sourcecode.c.h; path = CMDWantProductionPeopleView.h; sourceTree = "<group>"; };
		49291712197BFD3E002AB7F8 /* CMDWantProductionPeopleView.m */ = {isa = PBXFileReference; fileEncoding = 4; lastKnownFileType = sourcecode.c.objc; path = CMDWantProductionPeopleView.m; sourceTree = "<group>"; };
/* End PBXFileReference section */

/* Begin PBXFrameworksBuildPhase section */
		492916AD197A937C002AB7F8 /* Frameworks */ = {
			isa = PBXFrameworksBuildPhase;
			buildActionMask = 2147483647;
			files = (
				492916B6197A937C002AB7F8 /* CoreGraphics.framework in Frameworks */,
				492916BA197A937C002AB7F8 /* CoreData.framework in Frameworks */,
				492916B8197A937C002AB7F8 /* UIKit.framework in Frameworks */,
				492916B4197A937C002AB7F8 /* Foundation.framework in Frameworks */,
			);
			runOnlyForDeploymentPostprocessing = 0;
		};
		492916CD197A937C002AB7F8 /* Frameworks */ = {
			isa = PBXFrameworksBuildPhase;
			buildActionMask = 2147483647;
			files = (
				492916D2197A937C002AB7F8 /* XCTest.framework in Frameworks */,
				492916D5197A937C002AB7F8 /* CoreData.framework in Frameworks */,
				492916D4197A937C002AB7F8 /* UIKit.framework in Frameworks */,
				492916D3197A937C002AB7F8 /* Foundation.framework in Frameworks */,
			);
			runOnlyForDeploymentPostprocessing = 0;
		};
/* End PBXFrameworksBuildPhase section */

/* Begin PBXGroup section */
		492916A7197A937C002AB7F8 = {
			isa = PBXGroup;
			children = (
				492916BB197A937C002AB7F8 /* Comad */,
				492916D8197A937C002AB7F8 /* ComadTests */,
				492916B2197A937C002AB7F8 /* Frameworks */,
				492916B1197A937C002AB7F8 /* Products */,
			);
			sourceTree = "<group>";
		};
		492916B1197A937C002AB7F8 /* Products */ = {
			isa = PBXGroup;
			children = (
				492916B0197A937C002AB7F8 /* Comad.app */,
				492916D0197A937C002AB7F8 /* ComadTests.xctest */,
			);
			name = Products;
			sourceTree = "<group>";
		};
		492916B2197A937C002AB7F8 /* Frameworks */ = {
			isa = PBXGroup;
			children = (
				492916B3197A937C002AB7F8 /* Foundation.framework */,
				492916B5197A937C002AB7F8 /* CoreGraphics.framework */,
				492916B7197A937C002AB7F8 /* UIKit.framework */,
				492916B9197A937C002AB7F8 /* CoreData.framework */,
				492916D1197A937C002AB7F8 /* XCTest.framework */,
			);
			name = Frameworks;
			sourceTree = "<group>";
		};
		492916BB197A937C002AB7F8 /* Comad */ = {
			isa = PBXGroup;
			children = (
				492916ED197AD333002AB7F8 /* Classes */,
				492916EE197AD341002AB7F8 /* Resources */,
				492916BC197A937C002AB7F8 /* Supporting Files */,
			);
			path = Comad;
			sourceTree = "<group>";
		};
		492916BC197A937C002AB7F8 /* Supporting Files */ = {
			isa = PBXGroup;
			children = (
				492916BD197A937C002AB7F8 /* Comad-Info.plist */,
				492916BE197A937C002AB7F8 /* InfoPlist.strings */,
				492916C1197A937C002AB7F8 /* main.m */,
				492916C3197A937C002AB7F8 /* Comad-Prefix.pch */,
			);
			name = "Supporting Files";
			path = SupportingFiles;
			sourceTree = "<group>";
		};
		492916D8197A937C002AB7F8 /* ComadTests */ = {
			isa = PBXGroup;
			children = (
				492916DE197A937C002AB7F8 /* ComadTests.m */,
				492916D9197A937C002AB7F8 /* Supporting Files */,
			);
			path = ComadTests;
			sourceTree = "<group>";
		};
		492916D9197A937C002AB7F8 /* Supporting Files */ = {
			isa = PBXGroup;
			children = (
				492916DA197A937C002AB7F8 /* ComadTests-Info.plist */,
				492916DB197A937C002AB7F8 /* InfoPlist.strings */,
			);
			name = "Supporting Files";
			sourceTree = "<group>";
		};
		492916ED197AD333002AB7F8 /* Classes */ = {
			isa = PBXGroup;
			children = (
				492916C4197A937C002AB7F8 /* CMDAppDelegate.h */,
				492916C5197A937C002AB7F8 /* CMDAppDelegate.m */,
				492916F4197AD760002AB7F8 /* CMDConstants.m */,
				492916F3197AD749002AB7F8 /* Extentions */,
				492916EF197AD368002AB7F8 /* Controllers */,
				492916F1197AD3A8002AB7F8 /* Models */,
				492916F2197AD733002AB7F8 /* Views */,
			);
			path = Classes;
			sourceTree = "<group>";
		};
		492916EE197AD341002AB7F8 /* Resources */ = {
			isa = PBXGroup;
			children = (
				492916F0197AD383002AB7F8 /* StoryBoards */,
				492916CA197A937C002AB7F8 /* Images.xcassets */,
			);
			name = Resources;
			sourceTree = "<group>";
		};
		492916EF197AD368002AB7F8 /* Controllers */ = {
			isa = PBXGroup;
			children = (
				492916F6197AD949002AB7F8 /* CMDHomeController.h */,
				492916F7197AD949002AB7F8 /* CMDHomeController.m */,
				492916FC197BBB37002AB7F8 /* CMDProductionPageViewController.h */,
				492916FD197BBB37002AB7F8 /* CMDProductionPageViewController.m */,
			);
			path = Controllers;
			sourceTree = "<group>";
		};
		492916F0197AD383002AB7F8 /* StoryBoards */ = {
			isa = PBXGroup;
			children = (
				492916E8197A93CC002AB7F8 /* MainStoryboard.storyboard */,
			);
			name = StoryBoards;
			path = Resources/StoryBoards;
			sourceTree = "<group>";
		};
		492916F1197AD3A8002AB7F8 /* Models */ = {
			isa = PBXGroup;
			children = (
				492916C7197A937C002AB7F8 /* Comad.xcdatamodeld */,
			);
			path = Models;
			sourceTree = "<group>";
		};
		492916F2197AD733002AB7F8 /* Views */ = {
			isa = PBXGroup;
			children = (
				49291714197BFE2D002AB7F8 /* Home */,
				49291706197BC1EE002AB7F8 /* Shared */,
				49291702197BC19C002AB7F8 /* ProductionPage */,
			);
			path = Views;
			sourceTree = "<group>";
		};
		492916F3197AD749002AB7F8 /* Extentions */ = {
			isa = PBXGroup;
			children = (
			);
			path = Extentions;
			sourceTree = "<group>";
		};
		49291702197BC19C002AB7F8 /* ProductionPage */ = {
			isa = PBXGroup;
			children = (
				49291703197BC1DD002AB7F8 /* CMDProductionDescriptionView.h */,
				49291704197BC1DD002AB7F8 /* CMDProductionDescriptionView.m */,
			);
			path = ProductionPage;
			sourceTree = "<group>";
		};
		49291706197BC1EE002AB7F8 /* Shared */ = {
			isa = PBXGroup;
			children = (
				49291708197BC583002AB7F8 /* CMDRelatedProductionView.h */,
				49291709197BC583002AB7F8 /* CMDRelatedProductionView.m */,
				4929170E197BD483002AB7F8 /* CMDProductionCommentView.h */,
				4929170F197BD483002AB7F8 /* CMDProductionCommentView.m */,
				49291711197BFD3E002AB7F8 /* CMDWantProductionPeopleView.h */,
				49291712197BFD3E002AB7F8 /* CMDWantProductionPeopleView.m */,
			);
			path = Shared;
			sourceTree = "<group>";
		};
		49291714197BFE2D002AB7F8 /* Home */ = {
			isa = PBXGroup;
			children = (
				492916FF197BBB52002AB7F8 /* CMDSideMenuView.h */,
				49291700197BBB52002AB7F8 /* CMDSideMenuView.m */,
			);
			path = Home;
			sourceTree = "<group>";
		};
/* End PBXGroup section */

/* Begin PBXNativeTarget section */
		492916AF197A937C002AB7F8 /* Comad */ = {
			isa = PBXNativeTarget;
			buildConfigurationList = 492916E2197A937C002AB7F8 /* Build configuration list for PBXNativeTarget "Comad" */;
			buildPhases = (
				492916AC197A937C002AB7F8 /* Sources */,
				492916AD197A937C002AB7F8 /* Frameworks */,
				492916AE197A937C002AB7F8 /* Resources */,
			);
			buildRules = (
			);
			dependencies = (
			);
			name = Comad;
			productName = Comad;
			productReference = 492916B0197A937C002AB7F8 /* Comad.app */;
			productType = "com.apple.product-type.application";
		};
		492916CF197A937C002AB7F8 /* ComadTests */ = {
			isa = PBXNativeTarget;
			buildConfigurationList = 492916E5197A937C002AB7F8 /* Build configuration list for PBXNativeTarget "ComadTests" */;
			buildPhases = (
				492916CC197A937C002AB7F8 /* Sources */,
				492916CD197A937C002AB7F8 /* Frameworks */,
				492916CE197A937C002AB7F8 /* Resources */,
			);
			buildRules = (
			);
			dependencies = (
				492916D7197A937C002AB7F8 /* PBXTargetDependency */,
			);
			name = ComadTests;
			productName = ComadTests;
			productReference = 492916D0197A937C002AB7F8 /* ComadTests.xctest */;
			productType = "com.apple.product-type.bundle.unit-test";
		};
/* End PBXNativeTarget section */

/* Begin PBXProject section */
		492916A8197A937C002AB7F8 /* Project object */ = {
			isa = PBXProject;
			attributes = {
				CLASSPREFIX = CMD;
				LastUpgradeCheck = 0510;
				ORGANIZATIONNAME = AsanoYuki;
				TargetAttributes = {
					492916CF197A937C002AB7F8 = {
						TestTargetID = 492916AF197A937C002AB7F8;
					};
				};
			};
			buildConfigurationList = 492916AB197A937C002AB7F8 /* Build configuration list for PBXProject "Comad" */;
			compatibilityVersion = "Xcode 3.2";
			developmentRegion = English;
			hasScannedForEncodings = 0;
			knownRegions = (
				en,
			);
			mainGroup = 492916A7197A937C002AB7F8;
			productRefGroup = 492916B1197A937C002AB7F8 /* Products */;
			projectDirPath = "";
			projectRoot = "";
			targets = (
				492916AF197A937C002AB7F8 /* Comad */,
				492916CF197A937C002AB7F8 /* ComadTests */,
			);
		};
/* End PBXProject section */

/* Begin PBXResourcesBuildPhase section */
		492916AE197A937C002AB7F8 /* Resources */ = {
			isa = PBXResourcesBuildPhase;
			buildActionMask = 2147483647;
			files = (
				492916E9197A93CC002AB7F8 /* MainStoryboard.storyboard in Resources */,
				492916C0197A937C002AB7F8 /* InfoPlist.strings in Resources */,
				492916CB197A937C002AB7F8 /* Images.xcassets in Resources */,
			);
			runOnlyForDeploymentPostprocessing = 0;
		};
		492916CE197A937C002AB7F8 /* Resources */ = {
			isa = PBXResourcesBuildPhase;
			buildActionMask = 2147483647;
			files = (
				492916DD197A937C002AB7F8 /* InfoPlist.strings in Resources */,
			);
			runOnlyForDeploymentPostprocessing = 0;
		};
/* End PBXResourcesBuildPhase section */

/* Begin PBXSourcesBuildPhase section */
		492916AC197A937C002AB7F8 /* Sources */ = {
			isa = PBXSourcesBuildPhase;
			buildActionMask = 2147483647;
			files = (
				492916FE197BBB37002AB7F8 /* CMDProductionPageViewController.m in Sources */,
				49291710197BD483002AB7F8 /* CMDProductionCommentView.m in Sources */,
				492916C2197A937C002AB7F8 /* main.m in Sources */,
				49291713197BFD3E002AB7F8 /* CMDWantProductionPeopleView.m in Sources */,
				492916C9197A937C002AB7F8 /* Comad.xcdatamodeld in Sources */,
				49291705197BC1DD002AB7F8 /* CMDProductionDescriptionView.m in Sources */,
				4929170A197BC583002AB7F8 /* CMDRelatedProductionView.m in Sources */,
				492916C6197A937C002AB7F8 /* CMDAppDelegate.m in Sources */,
				49291701197BBB52002AB7F8 /* CMDSideMenuView.m in Sources */,
				492916F8197AD949002AB7F8 /* CMDHomeController.m in Sources */,
				492916F5197AD760002AB7F8 /* CMDConstants.m in Sources */,
			);
			runOnlyForDeploymentPostprocessing = 0;
		};
		492916CC197A937C002AB7F8 /* Sources */ = {
			isa = PBXSourcesBuildPhase;
			buildActionMask = 2147483647;
			files = (
				492916DF197A937C002AB7F8 /* ComadTests.m in Sources */,
			);
			runOnlyForDeploymentPostprocessing = 0;
		};
/* End PBXSourcesBuildPhase section */

/* Begin PBXTargetDependency section */
		492916D7197A937C002AB7F8 /* PBXTargetDependency */ = {
			isa = PBXTargetDependency;
			target = 492916AF197A937C002AB7F8 /* Comad */;
			targetProxy = 492916D6197A937C002AB7F8 /* PBXContainerItemProxy */;
		};
/* End PBXTargetDependency section */

/* Begin PBXVariantGroup section */
		492916BE197A937C002AB7F8 /* InfoPlist.strings */ = {
			isa = PBXVariantGroup;
			children = (
				492916BF197A937C002AB7F8 /* en */,
			);
			name = InfoPlist.strings;
			sourceTree = "<group>";
		};
		492916DB197A937C002AB7F8 /* InfoPlist.strings */ = {
			isa = PBXVariantGroup;
			children = (
				492916DC197A937C002AB7F8 /* en */,
			);
			name = InfoPlist.strings;
			sourceTree = "<group>";
		};
/* End PBXVariantGroup section */

/* Begin XCBuildConfiguration section */
		492916E0197A937C002AB7F8 /* Debug */ = {
			isa = XCBuildConfiguration;
			buildSettings = {
				ALWAYS_SEARCH_USER_PATHS = NO;
				CLANG_CXX_LANGUAGE_STANDARD = "gnu++0x";
				CLANG_CXX_LIBRARY = "libc++";
				CLANG_ENABLE_MODULES = YES;
				CLANG_ENABLE_OBJC_ARC = YES;
				CLANG_WARN_BOOL_CONVERSION = YES;
				CLANG_WARN_CONSTANT_CONVERSION = YES;
				CLANG_WARN_DIRECT_OBJC_ISA_USAGE = YES_ERROR;
				CLANG_WARN_EMPTY_BODY = YES;
				CLANG_WARN_ENUM_CONVERSION = YES;
				CLANG_WARN_INT_CONVERSION = YES;
				CLANG_WARN_OBJC_ROOT_CLASS = YES_ERROR;
				CLANG_WARN__DUPLICATE_METHOD_MATCH = YES;
				"CODE_SIGN_IDENTITY[sdk=iphoneos*]" = "iPhone Developer";
				COPY_PHASE_STRIP = NO;
				GCC_C_LANGUAGE_STANDARD = gnu99;
				GCC_DYNAMIC_NO_PIC = NO;
				GCC_OPTIMIZATION_LEVEL = 0;
				GCC_PREPROCESSOR_DEFINITIONS = (
					"DEBUG=1",
					"$(inherited)",
				);
				GCC_SYMBOLS_PRIVATE_EXTERN = NO;
				GCC_WARN_64_TO_32_BIT_CONVERSION = YES;
				GCC_WARN_ABOUT_RETURN_TYPE = YES_ERROR;
				GCC_WARN_UNDECLARED_SELECTOR = YES;
				GCC_WARN_UNINITIALIZED_AUTOS = YES_AGGRESSIVE;
				GCC_WARN_UNUSED_FUNCTION = YES;
				GCC_WARN_UNUSED_VARIABLE = YES;
				IPHONEOS_DEPLOYMENT_TARGET = 7.1;
				ONLY_ACTIVE_ARCH = YES;
				SDKROOT = iphoneos;
			};
			name = Debug;
		};
		492916E1197A937C002AB7F8 /* Release */ = {
			isa = XCBuildConfiguration;
			buildSettings = {
				ALWAYS_SEARCH_USER_PATHS = NO;
				CLANG_CXX_LANGUAGE_STANDARD = "gnu++0x";
				CLANG_CXX_LIBRARY = "libc++";
				CLANG_ENABLE_MODULES = YES;
				CLANG_ENABLE_OBJC_ARC = YES;
				CLANG_WARN_BOOL_CONVERSION = YES;
				CLANG_WARN_CONSTANT_CONVERSION = YES;
				CLANG_WARN_DIRECT_OBJC_ISA_USAGE = YES_ERROR;
				CLANG_WARN_EMPTY_BODY = YES;
				CLANG_WARN_ENUM_CONVERSION = YES;
				CLANG_WARN_INT_CONVERSION = YES;
				CLANG_WARN_OBJC_ROOT_CLASS = YES_ERROR;
				CLANG_WARN__DUPLICATE_METHOD_MATCH = YES;
				"CODE_SIGN_IDENTITY[sdk=iphoneos*]" = "iPhone Developer";
				COPY_PHASE_STRIP = YES;
				ENABLE_NS_ASSERTIONS = NO;
				GCC_C_LANGUAGE_STANDARD = gnu99;
				GCC_WARN_64_TO_32_BIT_CONVERSION = YES;
				GCC_WARN_ABOUT_RETURN_TYPE = YES_ERROR;
				GCC_WARN_UNDECLARED_SELECTOR = YES;
				GCC_WARN_UNINITIALIZED_AUTOS = YES_AGGRESSIVE;
				GCC_WARN_UNUSED_FUNCTION = YES;
				GCC_WARN_UNUSED_VARIABLE = YES;
				IPHONEOS_DEPLOYMENT_TARGET = 7.1;
				SDKROOT = iphoneos;
				VALIDATE_PRODUCT = YES;
			};
			name = Release;
		};
		492916E3197A937C002AB7F8 /* Debug */ = {
			isa = XCBuildConfiguration;
			buildSettings = {
				ASSETCATALOG_COMPILER_APPICON_NAME = AppIcon;
				ASSETCATALOG_COMPILER_LAUNCHIMAGE_NAME = LaunchImage;
				GCC_PRECOMPILE_PREFIX_HEADER = YES;
				GCC_PREFIX_HEADER = "Comad/SupportingFiles/Comad-Prefix.pch";
				INFOPLIST_FILE = "Comad/SupportingFiles/Comad-Info.plist";
				PRODUCT_NAME = "$(TARGET_NAME)";
				USER_HEADER_SEARCH_PATHS = "${SRCROOT}/Classes/";
				WRAPPER_EXTENSION = app;
			};
			name = Debug;
		};
		492916E4197A937C002AB7F8 /* Release */ = {
			isa = XCBuildConfiguration;
			buildSettings = {
				ASSETCATALOG_COMPILER_APPICON_NAME = AppIcon;
				ASSETCATALOG_COMPILER_LAUNCHIMAGE_NAME = LaunchImage;
				GCC_PRECOMPILE_PREFIX_HEADER = YES;
				GCC_PREFIX_HEADER = "Comad/SupportingFiles/Comad-Prefix.pch";
				INFOPLIST_FILE = "Comad/SupportingFiles/Comad-Info.plist";
				PRODUCT_NAME = "$(TARGET_NAME)";
				USER_HEADER_SEARCH_PATHS = "${SRCROOT}/Classes/";
				WRAPPER_EXTENSION = app;
			};
			name = Release;
		};
		492916E6197A937C002AB7F8 /* Debug */ = {
			isa = XCBuildConfiguration;
			buildSettings = {
				BUNDLE_LOADER = "$(BUILT_PRODUCTS_DIR)/Comad.app/Comad";
				FRAMEWORK_SEARCH_PATHS = (
					"$(SDKROOT)/Developer/Library/Frameworks",
					"$(inherited)",
					"$(DEVELOPER_FRAMEWORKS_DIR)",
				);
				GCC_PRECOMPILE_PREFIX_HEADER = YES;
				GCC_PREFIX_HEADER = "Comad/Comad-Prefix.pch";
				GCC_PREPROCESSOR_DEFINITIONS = (
					"DEBUG=1",
					"$(inherited)",
				);
				INFOPLIST_FILE = "ComadTests/ComadTests-Info.plist";
				PRODUCT_NAME = "$(TARGET_NAME)";
				TEST_HOST = "$(BUNDLE_LOADER)";
				WRAPPER_EXTENSION = xctest;
			};
			name = Debug;
		};
		492916E7197A937C002AB7F8 /* Release */ = {
			isa = XCBuildConfiguration;
			buildSettings = {
				BUNDLE_LOADER = "$(BUILT_PRODUCTS_DIR)/Comad.app/Comad";
				FRAMEWORK_SEARCH_PATHS = (
					"$(SDKROOT)/Developer/Library/Frameworks",
					"$(inherited)",
					"$(DEVELOPER_FRAMEWORKS_DIR)",
				);
				GCC_PRECOMPILE_PREFIX_HEADER = YES;
				GCC_PREFIX_HEADER = "Comad/Comad-Prefix.pch";
				INFOPLIST_FILE = "ComadTests/ComadTests-Info.plist";
				PRODUCT_NAME = "$(TARGET_NAME)";
				TEST_HOST = "$(BUNDLE_LOADER)";
				WRAPPER_EXTENSION = xctest;
			};
			name = Release;
		};
/* End XCBuildConfiguration section */

/* Begin XCConfigurationList section */
		492916AB197A937C002AB7F8 /* Build configuration list for PBXProject "Comad" */ = {
			isa = XCConfigurationList;
			buildConfigurations = (
				492916E0197A937C002AB7F8 /* Debug */,
				492916E1197A937C002AB7F8 /* Release */,
			);
			defaultConfigurationIsVisible = 0;
			defaultConfigurationName = Release;
		};
		492916E2197A937C002AB7F8 /* Build configuration list for PBXNativeTarget "Comad" */ = {
			isa = XCConfigurationList;
			buildConfigurations = (
				492916E3197A937C002AB7F8 /* Debug */,
				492916E4197A937C002AB7F8 /* Release */,
			);
			defaultConfigurationIsVisible = 0;
			defaultConfigurationName = Release;
		};
		492916E5197A937C002AB7F8 /* Build configuration list for PBXNativeTarget "ComadTests" */ = {
			isa = XCConfigurationList;
			buildConfigurations = (
				492916E6197A937C002AB7F8 /* Debug */,
				492916E7197A937C002AB7F8 /* Release */,
			);
			defaultConfigurationIsVisible = 0;
			defaultConfigurationName = Release;
		};
/* End XCConfigurationList section */

/* Begin XCVersionGroup section */
		492916C7197A937C002AB7F8 /* Comad.xcdatamodeld */ = {
			isa = XCVersionGroup;
			children = (
				492916C8197A937C002AB7F8 /* Comad.xcdatamodel */,
			);
			currentVersion = 492916C8197A937C002AB7F8 /* Comad.xcdatamodel */;
			path = Comad.xcdatamodeld;
			sourceTree = "<group>";
			versionGroupType = wrapper.xcdatamodel;
		};
/* End XCVersionGroup section */
	};
	rootObject = 492916A8197A937C002AB7F8 /* Project object */;
}
